
Microsoft Visual Studio Solution File, Format Version 12.00
# Visual Studio Version 16
VisualStudioVersion = 16.0.30225.117
MinimumVisualStudioVersion = 10.0.40219.1
Project("{9A19103F-16F7-4668-BE54-9A1E7A4F7556}") = "DependencyInjection", "DependencyInjection\DependencyInjection.csproj", "{E08AD76C-82F0-40C0-BA18-7B1309832464}"
EndProject
Project("{FAE04EC0-301F-11D3-BF4B-00C04F79EFBC}") = "DIServices", "DIServices\DIServices.csproj", "{87DECD2E-F0D1-4561-A614-9AF826A85BB6}"
EndProject
Global
	GlobalSection(SolutionConfigurationPlatforms) = preSolution
		Debug|Any CPU = Debug|Any CPU
		Release|Any CPU = Release|Any CPU
	EndGlobalSection
	GlobalSection(ProjectConfigurationPlatforms) = postSolution
		{E08AD76C-82F0-40C0-BA18-7B1309832464}.Debug|Any CPU.ActiveCfg = Debug|Any CPU
		{E08AD76C-82F0-40C0-BA18-7B1309832464}.Debug|Any CPU.Build.0 = Debug|Any CPU
		{E08AD76C-82F0-40C0-BA18-7B1309832464}.Release|Any CPU.ActiveCfg = Release|Any CPU
		{E08AD76C-82F0-40C0-BA18-7B1309832464}.Release|Any CPU.Build.0 = Release|Any CPU
		{87DECD2E-F0D1-4561-A614-9AF826A85BB6}.Debug|Any CPU.ActiveCfg = Debug|Any CPU
		{87DECD2E-F0D1-4561-A614-9AF826A85BB6}.Debug|Any CPU.Build.0 = Debug|Any CPU
		{87DECD2E-F0D1-4561-A614-9AF826A85BB6}.Release|Any CPU.ActiveCfg = Release|Any CPU
		{87DECD2E-F0D1-4561-A614-9AF826A85BB6}.Release|Any CPU.Build.0 = Release|Any CPU
	EndGlobalSection
	GlobalSection(SolutionProperties) = preSolution
		HideSolutionNode = FALSE
	EndGlobalSection
	GlobalSection(ExtensibilityGlobals) = postSolution
		SolutionGuid = {8F9280AC-72FA-4C6C-97DE-EAA54D1B0D41}
	EndGlobalSection
EndGlobal
